// !$*UTF8*$!
{
	archiveVersion = 1;
	classes = {
	};
	objectVersion = 55;
	objects = {

/* Begin PBXBuildFile section */
		B831AD1128B8DD96006D2785 /* TableViewCell.swift in Sources */ = {isa = PBXBuildFile; fileRef = B831AD1028B8DD96006D2785 /* TableViewCell.swift */; };
		B844711E28B895E600BF27F6 /* AppDelegate.swift in Sources */ = {isa = PBXBuildFile; fileRef = B844711D28B895E600BF27F6 /* AppDelegate.swift */; };
		B844712028B895E600BF27F6 /* SceneDelegate.swift in Sources */ = {isa = PBXBuildFile; fileRef = B844711F28B895E600BF27F6 /* SceneDelegate.swift */; };
		B844712228B895E600BF27F6 /* ViewController.swift in Sources */ = {isa = PBXBuildFile; fileRef = B844712128B895E600BF27F6 /* ViewController.swift */; };
		B844712528B895E600BF27F6 /* Main.storyboard in Resources */ = {isa = PBXBuildFile; fileRef = B844712328B895E600BF27F6 /* Main.storyboard */; };
		B844712728B895E700BF27F6 /* Assets.xcassets in Resources */ = {isa = PBXBuildFile; fileRef = B844712628B895E700BF27F6 /* Assets.xcassets */; };
		B844712A28B895E700BF27F6 /* LaunchScreen.storyboard in Resources */ = {isa = PBXBuildFile; fileRef = B844712828B895E700BF27F6 /* LaunchScreen.storyboard */; };
		B844713528B8965900BF27F6 /* DataModel.swift in Sources */ = {isa = PBXBuildFile; fileRef = B844713428B8965900BF27F6 /* DataModel.swift */; };
		B844713728B896D000BF27F6 /* DataViewModel.swift in Sources */ = {isa = PBXBuildFile; fileRef = B844713628B896D000BF27F6 /* DataViewModel.swift */; };
		B844713A28B8A07F00BF27F6 /* WebService.swift in Sources */ = {isa = PBXBuildFile; fileRef = B844713928B8A07F00BF27F6 /* WebService.swift */; };
		B844713C28B8D0A400BF27F6 /* DetailsViewController.swift in Sources */ = {isa = PBXBuildFile; fileRef = B844713B28B8D0A400BF27F6 /* DetailsViewController.swift */; };
		B844713E28B8D25F00BF27F6 /* Extensions.swift in Sources */ = {isa = PBXBuildFile; fileRef = B844713D28B8D25F00BF27F6 /* Extensions.swift */; };
/* End PBXBuildFile section */

/* Begin PBXFileReference section */
		B831AD1028B8DD96006D2785 /* TableViewCell.swift */ = {isa = PBXFileReference; lastKnownFileType = sourcecode.swift; path = TableViewCell.swift; sourceTree = "<group>"; };
		B844711A28B895E600BF27F6 /* TableViewDemo.app */ = {isa = PBXFileReference; explicitFileType = wrapper.application; includeInIndex = 0; path = TableViewDemo.app; sourceTree = BUILT_PRODUCTS_DIR; };
		B844711D28B895E600BF27F6 /* AppDelegate.swift */ = {isa = PBXFileReference; lastKnownFileType = sourcecode.swift; path = AppDelegate.swift; sourceTree = "<group>"; };
		B844711F28B895E600BF27F6 /* SceneDelegate.swift */ = {isa = PBXFileReference; lastKnownFileType = sourcecode.swift; path = SceneDelegate.swift; sourceTree = "<group>"; };
		B844712128B895E600BF27F6 /* ViewController.swift */ = {isa = PBXFileReference; lastKnownFileType = sourcecode.swift; path = ViewController.swift; sourceTree = "<group>"; };
		B844712428B895E600BF27F6 /* Base */ = {isa = PBXFileReference; lastKnownFileType = file.storyboard; name = Base; path = Base.lproj/Main.storyboard; sourceTree = "<group>"; };
		B844712628B895E700BF27F6 /* Assets.xcassets */ = {isa = PBXFileReference; lastKnownFileType = folder.assetcatalog; path = Assets.xcassets; sourceTree = "<group>"; };
		B844712928B895E700BF27F6 /* Base */ = {isa = PBXFileReference; lastKnownFileType = file.storyboard; name = Base; path = Base.lproj/LaunchScreen.storyboard; sourceTree = "<group>"; };
		B844712B28B895E700BF27F6 /* Info.plist */ = {isa = PBXFileReference; lastKnownFileType = text.plist.xml; path = Info.plist; sourceTree = "<group>"; };
		B844713428B8965900BF27F6 /* DataModel.swift */ = {isa = PBXFileReference; lastKnownFileType = sourcecode.swift; path = DataModel.swift; sourceTree = "<group>"; };
		B844713628B896D000BF27F6 /* DataViewModel.swift */ = {isa = PBXFileReference; lastKnownFileType = sourcecode.swift; path = DataViewModel.swift; sourceTree = "<group>"; };
		B844713928B8A07F00BF27F6 /* WebService.swift */ = {isa = PBXFileReference; lastKnownFileType = sourcecode.swift; path = WebService.swift; sourceTree = "<group>"; };
		B844713B28B8D0A400BF27F6 /* DetailsViewController.swift */ = {isa = PBXFileReference; lastKnownFileType = sourcecode.swift; path = DetailsViewController.swift; sourceTree = "<group>"; };
		B844713D28B8D25F00BF27F6 /* Extensions.swift */ = {isa = PBXFileReference; lastKnownFileType = sourcecode.swift; path = Extensions.swift; sourceTree = "<group>"; };
/* End PBXFileReference section */

/* Begin PBXFrameworksBuildPhase section */
		B844711728B895E600BF27F6 /* Frameworks */ = {
			isa = PBXFrameworksBuildPhase;
			buildActionMask = 2147483647;
			files = (
			);
			runOnlyForDeploymentPostprocessing = 0;
		};
/* End PBXFrameworksBuildPhase section */

/* Begin PBXGroup section */
		B844711128B895E600BF27F6 = {
			isa = PBXGroup;
			children = (
				B844711C28B895E600BF27F6 /* TableViewDemo */,
				B844711B28B895E600BF27F6 /* Products */,
			);
			sourceTree = "<group>";
		};
		B844711B28B895E600BF27F6 /* Products */ = {
			isa = PBXGroup;
			children = (
				B844711A28B895E600BF27F6 /* TableViewDemo.app */,
			);
			name = Products;
			sourceTree = "<group>";
		};
		B844711C28B895E600BF27F6 /* TableViewDemo */ = {
			isa = PBXGroup;
			children = (
				B844713F28B8D30700BF27F6 /* Service */,
				B844713128B8961900BF27F6 /* Model */,
				B844713228B8962100BF27F6 /* ViewModel */,
				B844713328B8963100BF27F6 /* View */,
				B844713828B8A06A00BF27F6 /* Utilities */,
				B844711D28B895E600BF27F6 /* AppDelegate.swift */,
				B844711F28B895E600BF27F6 /* SceneDelegate.swift */,
				B844712B28B895E700BF27F6 /* Info.plist */,
			);
			path = TableViewDemo;
			sourceTree = "<group>";
		};
		B844713128B8961900BF27F6 /* Model */ = {
			isa = PBXGroup;
			children = (
				B844713428B8965900BF27F6 /* DataModel.swift */,
			);
			path = Model;
			sourceTree = "<group>";
		};
		B844713228B8962100BF27F6 /* ViewModel */ = {
			isa = PBXGroup;
			children = (
				B844713628B896D000BF27F6 /* DataViewModel.swift */,
			);
			path = ViewModel;
			sourceTree = "<group>";
		};
		B844713328B8963100BF27F6 /* View */ = {
			isa = PBXGroup;
			children = (
				B844712128B895E600BF27F6 /* ViewController.swift */,
				B844713B28B8D0A400BF27F6 /* DetailsViewController.swift */,
				B844712328B895E600BF27F6 /* Main.storyboard */,
				B844712628B895E700BF27F6 /* Assets.xcassets */,
				B844712828B895E700BF27F6 /* LaunchScreen.storyboard */,
				B831AD1028B8DD96006D2785 /* TableViewCell.swift */,
			);
			path = View;
			sourceTree = "<group>";
		};
		B844713828B8A06A00BF27F6 /* Utilities */ = {
			isa = PBXGroup;
			children = (
				B844713D28B8D25F00BF27F6 /* Extensions.swift */,
			);
			path = Utilities;
			sourceTree = "<group>";
		};
		B844713F28B8D30700BF27F6 /* Service */ = {
			isa = PBXGroup;
			children = (
				B844713928B8A07F00BF27F6 /* WebService.swift */,
			);
			path = Service;
			sourceTree = "<group>";
		};
/* End PBXGroup section */

/* Begin PBXNativeTarget section */
		B844711928B895E600BF27F6 /* TableViewDemo */ = {
			isa = PBXNativeTarget;
			buildConfigurationList = B844712E28B895E700BF27F6 /* Build configuration list for PBXNativeTarget "TableViewDemo" */;
			buildPhases = (
				B844711628B895E600BF27F6 /* Sources */,
				B844711728B895E600BF27F6 /* Frameworks */,
				B844711828B895E600BF27F6 /* Resources */,
			);
			buildRules = (
			);
			dependencies = (
			);
			name = TableViewDemo;
			productName = TableViewDemo;
			productReference = B844711A28B895E600BF27F6 /* TableViewDemo.app */;
			productType = "com.apple.product-type.application";
		};
/* End PBXNativeTarget section */

/* Begin PBXProject section */
		B844711228B895E600BF27F6 /* Project object */ = {
			isa = PBXProject;
			attributes = {
				BuildIndependentTargetsInParallel = 1;
				LastSwiftUpdateCheck = 1340;
				LastUpgradeCheck = 1340;
				TargetAttributes = {
					B844711928B895E600BF27F6 = {
						CreatedOnToolsVersion = 13.4.1;
					};
				};
			};
			buildConfigurationList = B844711528B895E600BF27F6 /* Build configuration list for PBXProject "TableViewDemo" */;
			compatibilityVersion = "Xcode 13.0";
			developmentRegion = en;
			hasScannedForEncodings = 0;
			knownRegions = (
				en,
				Base,
			);
			mainGroup = B844711128B895E600BF27F6;
			productRefGroup = B844711B28B895E600BF27F6 /* Products */;
			projectDirPath = "";
			projectRoot = "";
			targets = (
				B844711928B895E600BF27F6 /* TableViewDemo */,
			);
		};
/* End PBXProject section */

/* Begin PBXResourcesBuildPhase section */
		B844711828B895E600BF27F6 /* Resources */ = {
			isa = PBXResourcesBuildPhase;
			buildActionMask = 2147483647;
			files = (
				B844712A28B895E700BF27F6 /* LaunchScreen.storyboard in Resources */,
				B844712728B895E700BF27F6 /* Assets.xcassets in Resources */,
				B844712528B895E600BF27F6 /* Main.storyboard in Resources */,
			);
			runOnlyForDeploymentPostprocessing = 0;
		};
/* End PBXResourcesBuildPhase section */

/* Begin PBXSourcesBuildPhase section */
		B844711628B895E600BF27F6 /* Sources */ = {
			isa = PBXSourcesBuildPhase;
			buildActionMask = 2147483647;
			files = (
				B844713E28B8D25F00BF27F6 /* Extensions.swift in Sources */,
				B844713A28B8A07F00BF27F6 /* WebService.swift in Sources */,
				B844712228B895E600BF27F6 /* ViewController.swift in Sources */,
				B831AD1128B8DD96006D2785 /* TableViewCell.swift in Sources */,
				B844713528B8965900BF27F6 /* DataModel.swift in Sources */,
				B844711E28B895E600BF27F6 /* AppDelegate.swift in Sources */,
				B844713C28B8D0A400BF27F6 /* DetailsViewController.swift in Sources */,
				B844712028B895E600BF27F6 /* SceneDelegate.swift in Sources */,
				B844713728B896D000BF27F6 /* DataViewModel.swift in Sources */,
			);
			runOnlyForDeploymentPostprocessing = 0;
		};
/* End PBXSourcesBuildPhase section */

/* Begin PBXVariantGroup section */
		B844712328B895E600BF27F6 /* Main.storyboard */ = {
			isa = PBXVariantGroup;
			children = (
				B844712428B895E600BF27F6 /* Base */,
			);
			name = Main.storyboard;
			sourceTree = "<group>";
		};
		B844712828B895E700BF27F6 /* LaunchScreen.storyboard */ = {
			isa = PBXVariantGroup;
			children = (
				B844712928B895E700BF27F6 /* Base */,
			);
			name = LaunchScreen.storyboard;
			sourceTree = "<group>";
		};
/* End PBXVariantGroup section */

/* Begin XCBuildConfiguration section */
		B844712C28B895E700BF27F6 /* Debug */ = {
			isa = XCBuildConfiguration;
			buildSettings = {
				ALWAYS_SEARCH_USER_PATHS = NO;
				CLANG_ANALYZER_NONNULL = YES;
				CLANG_ANALYZER_NUMBER_OBJECT_CONVERSION = YES_AGGRESSIVE;
				CLANG_CXX_LANGUAGE_STANDARD = "gnu++17";
				CLANG_ENABLE_MODULES = YES;
				CLANG_ENABLE_OBJC_ARC = YES;
				CLANG_ENABLE_OBJC_WEAK = YES;
				CLANG_WARN_BLOCK_CAPTURE_AUTORELEASING = YES;
				CLANG_WARN_BOOL_CONVERSION = YES;
				CLANG_WARN_COMMA = YES;
				CLANG_WARN_CONSTANT_CONVERSION = YES;
				CLANG_WARN_DEPRECATED_OBJC_IMPLEMENTATIONS = YES;
				CLANG_WARN_DIRECT_OBJC_ISA_USAGE = YES_ERROR;
				CLANG_WARN_DOCUMENTATION_COMMENTS = YES;
				CLANG_WARN_EMPTY_BODY = YES;
				CLANG_WARN_ENUM_CONVERSION = YES;
				CLANG_WARN_INFINITE_RECURSION = YES;
				CLANG_WARN_INT_CONVERSION = YES;
				CLANG_WARN_NON_LITERAL_NULL_CONVERSION = YES;
				CLANG_WARN_OBJC_IMPLICIT_RETAIN_SELF = YES;
				CLANG_WARN_OBJC_LITERAL_CONVERSION = YES;
				CLANG_WARN_OBJC_ROOT_CLASS = YES_ERROR;
				CLANG_WARN_QUOTED_INCLUDE_IN_FRAMEWORK_HEADER = YES;
				CLANG_WARN_RANGE_LOOP_ANALYSIS = YES;
				CLANG_WARN_STRICT_PROTOTYPES = YES;
				CLANG_WARN_SUSPICIOUS_MOVE = YES;
				CLANG_WARN_UNGUARDED_AVAILABILITY = YES_AGGRESSIVE;
				CLANG_WARN_UNREACHABLE_CODE = YES;
				CLANG_WARN__DUPLICATE_METHOD_MATCH = YES;
				COPY_PHASE_STRIP = NO;
				DEBUG_INFORMATION_FORMAT = dwarf;
				ENABLE_STRICT_OBJC_MSGSEND = YES;
				ENABLE_TESTABILITY = YES;
				GCC_C_LANGUAGE_STANDARD = gnu11;
				GCC_DYNAMIC_NO_PIC = NO;
				GCC_NO_COMMON_BLOCKS = YES;
				GCC_OPTIMIZATION_LEVEL = 0;
				GCC_PREPROCESSOR_DEFINITIONS = (
					"DEBUG=1",
					"$(inherited)",
				);
				GCC_WARN_64_TO_32_BIT_CONVERSION = YES;
				GCC_WARN_ABOUT_RETURN_TYPE = YES_ERROR;
				GCC_WARN_UNDECLARED_SELECTOR = YES;
				GCC_WARN_UNINITIALIZED_AUTOS = YES_AGGRESSIVE;
				GCC_WARN_UNUSED_FUNCTION = YES;
				GCC_WARN_UNUSED_VARIABLE = YES;
				IPHONEOS_DEPLOYMENT_TARGET = 15.5;
				MTL_ENABLE_DEBUG_INFO = INCLUDE_SOURCE;
				MTL_FAST_MATH = YES;
				ONLY_ACTIVE_ARCH = YES;
				SDKROOT = iphoneos;
				SWIFT_ACTIVE_COMPILATION_CONDITIONS = DEBUG;
				SWIFT_OPTIMIZATION_LEVEL = "-Onone";
			};
			name = Debug;
		};
		B844712D28B895E700BF27F6 /* Release */ = {
			isa = XCBuildConfiguration;
			buildSettings = {
				ALWAYS_SEARCH_USER_PATHS = NO;
				CLANG_ANALYZER_NONNULL = YES;
				CLANG_ANALYZER_NUMBER_OBJECT_CONVERSION = YES_AGGRESSIVE;
				CLANG_CXX_LANGUAGE_STANDARD = "gnu++17";
				CLANG_ENABLE_MODULES = YES;
				CLANG_ENABLE_OBJC_ARC = YES;
				CLANG_ENABLE_OBJC_WEAK = YES;
				CLANG_WARN_BLOCK_CAPTURE_AUTORELEASING = YES;
				CLANG_WARN_BOOL_CONVERSION = YES;
				CLANG_WARN_COMMA = YES;
				CLANG_WARN_CONSTANT_CONVERSION = YES;
				CLANG_WARN_DEPRECATED_OBJC_IMPLEMENTATIONS = YES;
				CLANG_WARN_DIRECT_OBJC_ISA_USAGE = YES_ERROR;
				CLANG_WARN_DOCUMENTATION_COMMENTS = YES;
				CLANG_WARN_EMPTY_BODY = YES;
				CLANG_WARN_ENUM_CONVERSION = YES;
				CLANG_WARN_INFINITE_RECURSION = YES;
				CLANG_WARN_INT_CONVERSION = YES;
				CLANG_WARN_NON_LITERAL_NULL_CONVERSION = YES;
				CLANG_WARN_OBJC_IMPLICIT_RETAIN_SELF = YES;
				CLANG_WARN_OBJC_LITERAL_CONVERSION = YES;
				CLANG_WARN_OBJC_ROOT_CLASS = YES_ERROR;
				CLANG_WARN_QUOTED_INCLUDE_IN_FRAMEWORK_HEADER = YES;
				CLANG_WARN_RANGE_LOOP_ANALYSIS = YES;
				CLANG_WARN_STRICT_PROTOTYPES = YES;
				CLANG_WARN_SUSPICIOUS_MOVE = YES;
				CLANG_WARN_UNGUARDED_AVAILABILITY = YES_AGGRESSIVE;
				CLANG_WARN_UNREACHABLE_CODE = YES;
				CLANG_WARN__DUPLICATE_METHOD_MATCH = YES;
				COPY_PHASE_STRIP = NO;
				DEBUG_INFORMATION_FORMAT = "dwarf-with-dsym";
				ENABLE_NS_ASSERTIONS = NO;
				ENABLE_STRICT_OBJC_MSGSEND = YES;
				GCC_C_LANGUAGE_STANDARD = gnu11;
				GCC_NO_COMMON_BLOCKS = YES;
				GCC_WARN_64_TO_32_BIT_CONVERSION = YES;
				GCC_WARN_ABOUT_RETURN_TYPE = YES_ERROR;
				GCC_WARN_UNDECLARED_SELECTOR = YES;
				GCC_WARN_UNINITIALIZED_AUTOS = YES_AGGRESSIVE;
				GCC_WARN_UNUSED_FUNCTION = YES;
				GCC_WARN_UNUSED_VARIABLE = YES;
				IPHONEOS_DEPLOYMENT_TARGET = 15.5;
				MTL_ENABLE_DEBUG_INFO = NO;
				MTL_FAST_MATH = YES;
				SDKROOT = iphoneos;
				SWIFT_COMPILATION_MODE = wholemodule;
				SWIFT_OPTIMIZATION_LEVEL = "-O";
				VALIDATE_PRODUCT = YES;
			};
			name = Release;
		};
		B844712F28B895E700BF27F6 /* Debug */ = {
			isa = XCBuildConfiguration;
			buildSettings = {
				ASSETCATALOG_COMPILER_APPICON_NAME = AppIcon;
				ASSETCATALOG_COMPILER_GLOBAL_ACCENT_COLOR_NAME = AccentColor;
				CODE_SIGN_STYLE = Automatic;
				CURRENT_PROJECT_VERSION = 1;
				DEVELOPMENT_TEAM = 6XYT522BFA;
				GENERATE_INFOPLIST_FILE = YES;
				INFOPLIST_FILE = TableViewDemo/Info.plist;
				INFOPLIST_KEY_UIApplicationSupportsIndirectInputEvents = YES;
				INFOPLIST_KEY_UILaunchStoryboardName = LaunchScreen;
				INFOPLIST_KEY_UIMainStoryboardFile = Main;
				INFOPLIST_KEY_UISupportedInterfaceOrientations_iPad = "UIInterfaceOrientationPortrait UIInterfaceOrientationPortraitUpsideDown UIInterfaceOrientationLandscapeLeft UIInterfaceOrientationLandscapeRight";
				INFOPLIST_KEY_UISupportedInterfaceOrientations_iPhone = "UIInterfaceOrientationPortrait UIInterfaceOrientationLandscapeLeft UIInterfaceOrientationLandscapeRight";
				LD_RUNPATH_SEARCH_PATHS = (
					"$(inherited)",
					"@executable_path/Frameworks",
				);
				MARKETING_VERSION = 1.0;
				PRODUCT_BUNDLE_IDENTIFIER = com.TableDemo.com;
				PRODUCT_NAME = "$(TARGET_NAME)";
				SWIFT_EMIT_LOC_STRINGS = YES;
				SWIFT_VERSION = 5.0;
				TARGETED_DEVICE_FAMILY = "1,2";
			};
			name = Debug;
		};
		B844713028B895E700BF27F6 /* Release */ = {
			isa = XCBuildConfiguration;
			buildSettings = {
				ASSETCATALOG_COMPILER_APPICON_NAME = AppIcon;
				ASSETCATALOG_COMPILER_GLOBAL_ACCENT_COLOR_NAME = AccentColor;
				CODE_SIGN_STYLE = Automatic;
				CURRENT_PROJECT_VERSION = 1;
				DEVELOPMENT_TEAM = 6XYT522BFA;
				GENERATE_INFOPLIST_FILE = YES;
				INFOPLIST_FILE = TableViewDemo/Info.plist;
				INFOPLIST_KEY_UIApplicationSupportsIndirectInputEvents = YES;
				INFOPLIST_KEY_UILaunchStoryboardName = LaunchScreen;
				INFOPLIST_KEY_UIMainStoryboardFile = Main;
				INFOPLIST_KEY_UISupportedInterfaceOrientations_iPad = "UIInterfaceOrientationPortrait UIInterfaceOrientationPortraitUpsideDown UIInterfaceOrientationLandscapeLeft UIInterfaceOrientationLandscapeRight";
				INFOPLIST_KEY_UISupportedInterfaceOrientations_iPhone = "UIInterfaceOrientationPortrait UIInterfaceOrientationLandscapeLeft UIInterfaceOrientationLandscapeRight";
				LD_RUNPATH_SEARCH_PATHS = (
					"$(inherited)",
					"@executable_path/Frameworks",
				);
				MARKETING_VERSION = 1.0;
				PRODUCT_BUNDLE_IDENTIFIER = com.TableDemo.com;
				PRODUCT_NAME = "$(TARGET_NAME)";
				SWIFT_EMIT_LOC_STRINGS = YES;
				SWIFT_VERSION = 5.0;
				TARGETED_DEVICE_FAMILY = "1,2";
			};
			name = Release;
		};
/* End XCBuildConfiguration section */

/* Begin XCConfigurationList section */
		B844711528B895E600BF27F6 /* Build configuration list for PBXProject "TableViewDemo" */ = {
			isa = XCConfigurationList;
			buildConfigurations = (
				B844712C28B895E700BF27F6 /* Debug */,
				B844712D28B895E700BF27F6 /* Release */,
			);
			defaultConfigurationIsVisible = 0;
			defaultConfigurationName = Release;
		};
		B844712E28B895E700BF27F6 /* Build configuration list for PBXNativeTarget "TableViewDemo" */ = {
			isa = XCConfigurationList;
			buildConfigurations = (
				B844712F28B895E700BF27F6 /* Debug */,
				B844713028B895E700BF27F6 /* Release */,
			);
			defaultConfigurationIsVisible = 0;
			defaultConfigurationName = Release;
		};
/* End XCConfigurationList section */
	};
	rootObject = B844711228B895E600BF27F6 /* Project object */;
}
